
Microsoft Visual Studio Solution File, Format Version 12.00
# Visual Studio Version 17
VisualStudioVersion = 17.9.34728.123
MinimumVisualStudioVersion = 10.0.40219.1
Project("{FAE04EC0-301F-11D3-BF4B-00C04F79EFBC}") = "projetosⅠ", "projetosⅠ\projetosⅠ.csproj", "{82AF540D-3992-47AA-9162-A81E8DA62F36}"
EndProject
Global
	GlobalSection(SolutionConfigurationPlatforms) = preSolution
		Debug|Any CPU = Debug|Any CPU
		Release|Any CPU = Release|Any CPU
	EndGlobalSection
	GlobalSection(ProjectConfigurationPlatforms) = postSolution
		{82AF540D-3992-47AA-9162-A81E8DA62F36}.Debug|Any CPU.ActiveCfg = Debug|Any CPU
		{82AF540D-3992-47AA-9162-A81E8DA62F36}.Debug|Any CPU.Build.0 = Debug|Any CPU
		{82AF540D-3992-47AA-9162-A81E8DA62F36}.Release|Any CPU.ActiveCfg = Release|Any CPU
		{82AF540D-3992-47AA-9162-A81E8DA62F36}.Release|Any CPU.Build.0 = Release|Any CPU
	EndGlobalSection
	GlobalSection(SolutionProperties) = preSolution
		HideSolutionNode = FALSE
	EndGlobalSection
	GlobalSection(ExtensibilityGlobals) = postSolution
		SolutionGuid = {2E7CD768-A117-4C2D-93C2-044287558720}
	EndGlobalSection
EndGlobal
